<?xml version="1.0" encoding="utf-8"?>
<Project ToolsVersion="4.0" xmlns="http://schemas.microsoft.com/developer/msbuild/2003">
  <ItemGroup>
    <ClCompile Include="src\arcball.cpp" />
    <ClCompile Include="src\bound_3d.cpp" />
    <ClCompile Include="src\bsp_tree_node_3d.cpp" />
    <ClCompile Include="src\bsp_tree_3d.cpp" />
    <ClCompile Include="src\camera_3d.cpp" />
    <ClCompile Include="src\counted_object.cpp" />
    <ClCompile Include="src\cube.cpp" />
    <ClCompile Include="src\initapp.cpp" />
    <ClCompile Include="src\matrix_3d.cpp" />
    <ClCompile Include="src\object_3d.cpp" />
    <ClCompile Include="src\plane_3d.cpp" />
    <ClCompile Include="src\point_2d.cpp" />
    <ClCompile Include="src\point_3d.cpp" />
    <ClCompile Include="src\polygon_3d.cpp" />
    <ClCompile Include="src\polygon_list_3d.cpp" />
    <ClCompile Include="src\ray_3d.cpp" />
    <ClCompile Include="src\transform_3d.cpp" />
    <ClCompile Include="src\tuple_2d.cpp" />
    <ClCompile Include="src\tuple_3d.cpp" />
    <ClCompile Include="src\vector_2d.cpp" />
    <ClCompile Include="src\vector_3d.cpp" />
    <ClCompile Include="src\view.cpp" />
  </ItemGroup>
  <ItemGroup>
    <ClInclude Include="src\arcball.h" />
    <ClInclude Include="src\bound_3d.h" />
    <ClInclude Include="src\bsp_tree_node_3d.h" />
    <ClInclude Include="src\bsp_tree_3d.h" />
    <ClInclude Include="src\camera_3d.h" />
    <ClInclude Include="src\coord.h" />
    <ClInclude Include="src\counted_object.h" />
    <ClInclude Include="src\cube.h" />
    <ClInclude Include="src\matrix_3d.h" />
    <ClInclude Include="src\object_3d.h" />
    <ClInclude Include="src\plane_3d.h" />
    <ClInclude Include="src\point_2d.h" />
    <ClInclude Include="src\point_3d.h" />
    <ClInclude Include="src\polygon_3d.h" />
    <ClInclude Include="src\polygon_list_3d.h" />
    <ClInclude Include="src\precompile.h" />
    <ClInclude Include="src\ptr_to.h" />
    <ClInclude Include="src\ray_3d.h" />
    <ClInclude Include="src\transform_3d.h" />
    <ClInclude Include="src\tuple_2d.h" />
    <ClInclude Include="src\tuple_3d.h" />
    <ClInclude Include="src\utility.h" />
    <ClInclude Include="src\vector_2d.h" />
    <ClInclude Include="src\vector_3d.h" />
    <ClInclude Include="src\view.h" />
  </ItemGroup>
  <ItemGroup>
    <None Include="src\counted_object.inl" />
    <None Include="src\ptr_to.inl" />
  </ItemGroup>
</Project>