
Microsoft Visual Studio Solution File, Format Version 12.00
# Visual Studio 15
VisualStudioVersion = 15.0.27004.2009
MinimumVisualStudioVersion = 10.0.40219.1
Project("{2150E333-8FDC-42A3-9474-1A3956D46DE8}") = "Solution Items", "Solution Items", "{58BDA44C-3E25-40F0-9768-08E45D6A385B}"
	ProjectSection(SolutionItems) = preProject
		..\.gitignore = ..\.gitignore
		..\LICENSE = ..\LICENSE
		..\README.md = ..\README.md
	EndProjectSection
EndProject
Project("{8BC9CEB8-8B4A-11D0-8D11-00A0C91BC942}") = "windows", "Demo.vcxproj", "{EC10EAB1-9841-40E9-A717-82751B7888E2}"
EndProject
Global
	GlobalSection(SolutionConfigurationPlatforms) = preSolution
		Debug|x86 = Debug|x86
		Release|x86 = Release|x86
	EndGlobalSection
	GlobalSection(ProjectConfigurationPlatforms) = postSolution
		{EC10EAB1-9841-40E9-A717-82751B7888E2}.Debug|x86.ActiveCfg = Debug|Win32
		{EC10EAB1-9841-40E9-A717-82751B7888E2}.Debug|x86.Build.0 = Debug|Win32
		{EC10EAB1-9841-40E9-A717-82751B7888E2}.Debug|x86.Deploy.0 = Debug|Win32
		{EC10EAB1-9841-40E9-A717-82751B7888E2}.Release|x86.ActiveCfg = Release|Win32
		{EC10EAB1-9841-40E9-A717-82751B7888E2}.Release|x86.Build.0 = Release|Win32
		{EC10EAB1-9841-40E9-A717-82751B7888E2}.Release|x86.Deploy.0 = Release|Win32
	EndGlobalSection
	GlobalSection(SolutionProperties) = preSolution
		HideSolutionNode = FALSE
	EndGlobalSection
	GlobalSection(NestedProjects) = preSolution
		{EC10EAB1-9841-40E9-A717-82751B7888E2} = {58BDA44C-3E25-40F0-9768-08E45D6A385B}
	EndGlobalSection
	GlobalSection(ExtensibilityGlobals) = postSolution
		SolutionGuid = {69CBCE7B-BA69-4C53-A901-CC054D310B33}
	EndGlobalSection
EndGlobal
