<?xml version="1.0" encoding="utf-8"?>
<Project ToolsVersion="4.0" xmlns="http://schemas.microsoft.com/developer/msbuild/2003">
  <ItemGroup>
    <Filter Include="Source Files">
      <UniqueIdentifier>{4FC737F1-C7A5-4376-A066-2A32D752A2FF}</UniqueIdentifier>
      <Extensions>cpp;c;cc;cxx;def;odl;idl;hpj;bat;asm;asmx</Extensions>
    </Filter>
    <Filter Include="Header Files">
      <UniqueIdentifier>{93995380-89BD-4b04-88EB-625FBE52EBFB}</UniqueIdentifier>
      <Extensions>h;hh;hpp;hxx;hm;inl;inc;xsd</Extensions>
    </Filter>
    <Filter Include="Resource Files">
      <UniqueIdentifier>{67DA6AB6-F800-4c08-8B7A-83BB121AAD01}</UniqueIdentifier>
      <Extensions>rc;ico;cur;bmp;dlg;rc2;rct;bin;rgs;gif;jpg;jpeg;jpe;resx;tiff;tif;png;wav;mfcribbon-ms</Extensions>
    </Filter>
  </ItemGroup>
  <ItemGroup>
    <ClInclude Include="targetver.h">
      <Filter>Header Files</Filter>
    </ClInclude>
    <ClInclude Include="arcball.h">
      <Filter>Header Files</Filter>
    </ClInclude>
    <ClInclude Include="bound_3d.h">
      <Filter>Header Files</Filter>
    </ClInclude>
    <ClInclude Include="bsp_tree_3d.h">
      <Filter>Header Files</Filter>
    </ClInclude>
    <ClInclude Include="bsp_tree_node_3d.h">
      <Filter>Header Files</Filter>
    </ClInclude>
    <ClInclude Include="camera_3d.h">
      <Filter>Header Files</Filter>
    </ClInclude>
    <ClInclude Include="coord.h">
      <Filter>Header Files</Filter>
    </ClInclude>
    <ClInclude Include="counted_object.h">
      <Filter>Header Files</Filter>
    </ClInclude>
    <ClInclude Include="cube.h">
      <Filter>Header Files</Filter>
    </ClInclude>
    <ClInclude Include="matrix_3d.h">
      <Filter>Header Files</Filter>
    </ClInclude>
    <ClInclude Include="object_3d.h">
      <Filter>Header Files</Filter>
    </ClInclude>
    <ClInclude Include="plane_3d.h">
      <Filter>Header Files</Filter>
    </ClInclude>
    <ClInclude Include="point_2d.h">
      <Filter>Header Files</Filter>
    </ClInclude>
    <ClInclude Include="point_3d.h">
      <Filter>Header Files</Filter>
    </ClInclude>
    <ClInclude Include="polygon_3d.h">
      <Filter>Header Files</Filter>
    </ClInclude>
    <ClInclude Include="polygon_list_3d.h">
      <Filter>Header Files</Filter>
    </ClInclude>
    <ClInclude Include="precompile.h">
      <Filter>Header Files</Filter>
    </ClInclude>
    <ClInclude Include="ptr_to.h">
      <Filter>Header Files</Filter>
    </ClInclude>
    <ClInclude Include="ray_3d.h">
      <Filter>Header Files</Filter>
    </ClInclude>
    <ClInclude Include="transform_3d.h">
      <Filter>Header Files</Filter>
    </ClInclude>
    <ClInclude Include="tuple_2d.h">
      <Filter>Header Files</Filter>
    </ClInclude>
    <ClInclude Include="tuple_3d.h">
      <Filter>Header Files</Filter>
    </ClInclude>
    <ClInclude Include="utility.h">
      <Filter>Header Files</Filter>
    </ClInclude>
    <ClInclude Include="vector_2d.h">
      <Filter>Header Files</Filter>
    </ClInclude>
    <ClInclude Include="vector_3d.h">
      <Filter>Header Files</Filter>
    </ClInclude>
    <ClInclude Include="view.h">
      <Filter>Header Files</Filter>
    </ClInclude>
  </ItemGroup>
  <ItemGroup>
    <ClCompile Include="arcball.cpp">
      <Filter>Source Files</Filter>
    </ClCompile>
    <ClCompile Include="bound_3d.cpp">
      <Filter>Source Files</Filter>
    </ClCompile>
    <ClCompile Include="bsp_tree_3d.cpp">
      <Filter>Source Files</Filter>
    </ClCompile>
    <ClCompile Include="bsp_tree_node_3d.cpp">
      <Filter>Source Files</Filter>
    </ClCompile>
    <ClCompile Include="camera_3d.cpp">
      <Filter>Source Files</Filter>
    </ClCompile>
    <ClCompile Include="counted_object.cpp">
      <Filter>Source Files</Filter>
    </ClCompile>
    <ClCompile Include="cube.cpp">
      <Filter>Source Files</Filter>
    </ClCompile>
    <ClCompile Include="initapp.cpp">
      <Filter>Source Files</Filter>
    </ClCompile>
    <ClCompile Include="matrix_3d.cpp">
      <Filter>Source Files</Filter>
    </ClCompile>
    <ClCompile Include="object_3d.cpp">
      <Filter>Source Files</Filter>
    </ClCompile>
    <ClCompile Include="plane_3d.cpp">
      <Filter>Source Files</Filter>
    </ClCompile>
    <ClCompile Include="point_2d.cpp">
      <Filter>Source Files</Filter>
    </ClCompile>
    <ClCompile Include="point_3d.cpp">
      <Filter>Source Files</Filter>
    </ClCompile>
    <ClCompile Include="polygon_3d.cpp">
      <Filter>Source Files</Filter>
    </ClCompile>
    <ClCompile Include="polygon_list_3d.cpp">
      <Filter>Source Files</Filter>
    </ClCompile>
    <ClCompile Include="ray_3d.cpp">
      <Filter>Source Files</Filter>
    </ClCompile>
    <ClCompile Include="transform_3d.cpp">
      <Filter>Source Files</Filter>
    </ClCompile>
    <ClCompile Include="tuple_2d.cpp">
      <Filter>Source Files</Filter>
    </ClCompile>
    <ClCompile Include="tuple_3d.cpp">
      <Filter>Source Files</Filter>
    </ClCompile>
    <ClCompile Include="vector_2d.cpp">
      <Filter>Source Files</Filter>
    </ClCompile>
    <ClCompile Include="vector_3d.cpp">
      <Filter>Source Files</Filter>
    </ClCompile>
    <ClCompile Include="view.cpp">
      <Filter>Source Files</Filter>
    </ClCompile>
  </ItemGroup>
  <ItemGroup>
    <Image Include="small.ico">
      <Filter>Resource Files</Filter>
    </Image>
    <Image Include="windows.ico">
      <Filter>Resource Files</Filter>
    </Image>
  </ItemGroup>
</Project>