
Microsoft Visual Studio Solution File, Format Version 12.00
# Visual Studio Express 2013 for Web
VisualStudioVersion = 12.0.30723.0
MinimumVisualStudioVersion = 10.0.40219.1
Project("{2150E333-8FDC-42A3-9474-1A3956D46DE8}") = "Files", "Files", "{DADA10F4-8F11-4798-8328-22137C983358}"
	ProjectSection(SolutionItems) = preProject
		index.html = index.html
		style.css = style.css
	EndProjectSection
EndProject
Project("{2150E333-8FDC-42A3-9474-1A3956D46DE8}") = "src", "src", "{556D49E7-B2BF-4CE1-828B-0BE4FD559A6B}"
	ProjectSection(SolutionItems) = preProject
		src\bedrock.js = src\bedrock.js
		src\globals.js = src\globals.js
		src\htuple.js = src\htuple.js
		src\hyperplane.js = src\hyperplane.js
		src\matrix.js = src\matrix.js
		src\polygon.js = src\polygon.js
		src\program.js = src\program.js
		src\registry.js = src\registry.js
		src\tuple.js = src\tuple.js
	EndProjectSection
EndProject
Global
	GlobalSection(SolutionProperties) = preSolution
		HideSolutionNode = FALSE
	EndGlobalSection
	GlobalSection(NestedProjects) = preSolution
		{556D49E7-B2BF-4CE1-828B-0BE4FD559A6B} = {DADA10F4-8F11-4798-8328-22137C983358}
	EndGlobalSection
EndGlobal
